
Microsoft Visual Studio Solution File, Format Version 12.00
# Visual Studio 15
VisualStudioVersion = 15.0.26124.0
MinimumVisualStudioVersion = 15.0.26124.0
Project("{9A19103F-16F7-4668-BE54-9A1E7A4F7556}") = "R5T.D0031.Construction", "R5T.D0031.Construction\R5T.D0031.Construction.csproj", "{5A8E29FC-BFDC-407C-8204-96B6DAA3DEB4}"
EndProject
Project("{9A19103F-16F7-4668-BE54-9A1E7A4F7556}") = "R5T.D0031", "R5T.D0031\R5T.D0031.csproj", "{9864E213-D5AF-46E1-94B0-490CA8CF1E86}"
EndProject
Project("{9A19103F-16F7-4668-BE54-9A1E7A4F7556}") = "R5T.D0031.Default", "R5T.D0031.Default\R5T.D0031.Default.csproj", "{AE837C42-690E-462D-820F-CA38F83E2421}"
EndProject
Project("{9A19103F-16F7-4668-BE54-9A1E7A4F7556}") = "R5T.D0031.Base", "R5T.D0031.Base\R5T.D0031.Base.csproj", "{103036A8-DA60-4162-A8DA-62E8894F868B}"
EndProject
Project("{2150E333-8FDC-42A3-9474-1A3956D46DE8}") = "_Dependencies", "_Dependencies", "{4888EE00-C005-4711-8BB1-2B0075090DE7}"
EndProject
Project("{9A19103F-16F7-4668-BE54-9A1E7A4F7556}") = "R5T.Dacia.Extensions", "..\..\R5T.Dacia.Extensions\source\R5T.Dacia.Extensions\R5T.Dacia.Extensions.csproj", "{4EB9B36E-ECAD-4D90-BAAA-F9C1CADA2531}"
EndProject
Project("{9A19103F-16F7-4668-BE54-9A1E7A4F7556}") = "R5T.Dacia", "..\..\R5T.Dacia\source\R5T.Dacia\R5T.Dacia.csproj", "{F98E06CD-6395-43BA-B309-06EA69BDAEFB}"
EndProject
Global
	GlobalSection(SolutionConfigurationPlatforms) = preSolution
		Debug|Any CPU = Debug|Any CPU
		Debug|x64 = Debug|x64
		Debug|x86 = Debug|x86
		Release|Any CPU = Release|Any CPU
		Release|x64 = Release|x64
		Release|x86 = Release|x86
	EndGlobalSection
	GlobalSection(ProjectConfigurationPlatforms) = postSolution
		{5A8E29FC-BFDC-407C-8204-96B6DAA3DEB4}.Debug|Any CPU.ActiveCfg = Debug|Any CPU
		{5A8E29FC-BFDC-407C-8204-96B6DAA3DEB4}.Debug|Any CPU.Build.0 = Debug|Any CPU
		{5A8E29FC-BFDC-407C-8204-96B6DAA3DEB4}.Debug|x64.ActiveCfg = Debug|Any CPU
		{5A8E29FC-BFDC-407C-8204-96B6DAA3DEB4}.Debug|x64.Build.0 = Debug|Any CPU
		{5A8E29FC-BFDC-407C-8204-96B6DAA3DEB4}.Debug|x86.ActiveCfg = Debug|Any CPU
		{5A8E29FC-BFDC-407C-8204-96B6DAA3DEB4}.Debug|x86.Build.0 = Debug|Any CPU
		{5A8E29FC-BFDC-407C-8204-96B6DAA3DEB4}.Release|Any CPU.ActiveCfg = Release|Any CPU
		{5A8E29FC-BFDC-407C-8204-96B6DAA3DEB4}.Release|Any CPU.Build.0 = Release|Any CPU
		{5A8E29FC-BFDC-407C-8204-96B6DAA3DEB4}.Release|x64.ActiveCfg = Release|Any CPU
		{5A8E29FC-BFDC-407C-8204-96B6DAA3DEB4}.Release|x64.Build.0 = Release|Any CPU
		{5A8E29FC-BFDC-407C-8204-96B6DAA3DEB4}.Release|x86.ActiveCfg = Release|Any CPU
		{5A8E29FC-BFDC-407C-8204-96B6DAA3DEB4}.Release|x86.Build.0 = Release|Any CPU
		{9864E213-D5AF-46E1-94B0-490CA8CF1E86}.Debug|Any CPU.ActiveCfg = Debug|Any CPU
		{9864E213-D5AF-46E1-94B0-490CA8CF1E86}.Debug|Any CPU.Build.0 = Debug|Any CPU
		{9864E213-D5AF-46E1-94B0-490CA8CF1E86}.Debug|x64.ActiveCfg = Debug|Any CPU
		{9864E213-D5AF-46E1-94B0-490CA8CF1E86}.Debug|x64.Build.0 = Debug|Any CPU
		{9864E213-D5AF-46E1-94B0-490CA8CF1E86}.Debug|x86.ActiveCfg = Debug|Any CPU
		{9864E213-D5AF-46E1-94B0-490CA8CF1E86}.Debug|x86.Build.0 = Debug|Any CPU
		{9864E213-D5AF-46E1-94B0-490CA8CF1E86}.Release|Any CPU.ActiveCfg = Release|Any CPU
		{9864E213-D5AF-46E1-94B0-490CA8CF1E86}.Release|Any CPU.Build.0 = Release|Any CPU
		{9864E213-D5AF-46E1-94B0-490CA8CF1E86}.Release|x64.ActiveCfg = Release|Any CPU
		{9864E213-D5AF-46E1-94B0-490CA8CF1E86}.Release|x64.Build.0 = Release|Any CPU
		{9864E213-D5AF-46E1-94B0-490CA8CF1E86}.Release|x86.ActiveCfg = Release|Any CPU
		{9864E213-D5AF-46E1-94B0-490CA8CF1E86}.Release|x86.Build.0 = Release|Any CPU
		{AE837C42-690E-462D-820F-CA38F83E2421}.Debug|Any CPU.ActiveCfg = Debug|Any CPU
		{AE837C42-690E-462D-820F-CA38F83E2421}.Debug|Any CPU.Build.0 = Debug|Any CPU
		{AE837C42-690E-462D-820F-CA38F83E2421}.Debug|x64.ActiveCfg = Debug|Any CPU
		{AE837C42-690E-462D-820F-CA38F83E2421}.Debug|x64.Build.0 = Debug|Any CPU
		{AE837C42-690E-462D-820F-CA38F83E2421}.Debug|x86.ActiveCfg = Debug|Any CPU
		{AE837C42-690E-462D-820F-CA38F83E2421}.Debug|x86.Build.0 = Debug|Any CPU
		{AE837C42-690E-462D-820F-CA38F83E2421}.Release|Any CPU.ActiveCfg = Release|Any CPU
		{AE837C42-690E-462D-820F-CA38F83E2421}.Release|Any CPU.Build.0 = Release|Any CPU
		{AE837C42-690E-462D-820F-CA38F83E2421}.Release|x64.ActiveCfg = Release|Any CPU
		{AE837C42-690E-462D-820F-CA38F83E2421}.Release|x64.Build.0 = Release|Any CPU
		{AE837C42-690E-462D-820F-CA38F83E2421}.Release|x86.ActiveCfg = Release|Any CPU
		{AE837C42-690E-462D-820F-CA38F83E2421}.Release|x86.Build.0 = Release|Any CPU
		{103036A8-DA60-4162-A8DA-62E8894F868B}.Debug|Any CPU.ActiveCfg = Debug|Any CPU
		{103036A8-DA60-4162-A8DA-62E8894F868B}.Debug|Any CPU.Build.0 = Debug|Any CPU
		{103036A8-DA60-4162-A8DA-62E8894F868B}.Debug|x64.ActiveCfg = Debug|Any CPU
		{103036A8-DA60-4162-A8DA-62E8894F868B}.Debug|x64.Build.0 = Debug|Any CPU
		{103036A8-DA60-4162-A8DA-62E8894F868B}.Debug|x86.ActiveCfg = Debug|Any CPU
		{103036A8-DA60-4162-A8DA-62E8894F868B}.Debug|x86.Build.0 = Debug|Any CPU
		{103036A8-DA60-4162-A8DA-62E8894F868B}.Release|Any CPU.ActiveCfg = Release|Any CPU
		{103036A8-DA60-4162-A8DA-62E8894F868B}.Release|Any CPU.Build.0 = Release|Any CPU
		{103036A8-DA60-4162-A8DA-62E8894F868B}.Release|x64.ActiveCfg = Release|Any CPU
		{103036A8-DA60-4162-A8DA-62E8894F868B}.Release|x64.Build.0 = Release|Any CPU
		{103036A8-DA60-4162-A8DA-62E8894F868B}.Release|x86.ActiveCfg = Release|Any CPU
		{103036A8-DA60-4162-A8DA-62E8894F868B}.Release|x86.Build.0 = Release|Any CPU
		{4EB9B36E-ECAD-4D90-BAAA-F9C1CADA2531}.Debug|Any CPU.ActiveCfg = Debug|Any CPU
		{4EB9B36E-ECAD-4D90-BAAA-F9C1CADA2531}.Debug|Any CPU.Build.0 = Debug|Any CPU
		{4EB9B36E-ECAD-4D90-BAAA-F9C1CADA2531}.Debug|x64.ActiveCfg = Debug|Any CPU
		{4EB9B36E-ECAD-4D90-BAAA-F9C1CADA2531}.Debug|x64.Build.0 = Debug|Any CPU
		{4EB9B36E-ECAD-4D90-BAAA-F9C1CADA2531}.Debug|x86.ActiveCfg = Debug|Any CPU
		{4EB9B36E-ECAD-4D90-BAAA-F9C1CADA2531}.Debug|x86.Build.0 = Debug|Any CPU
		{4EB9B36E-ECAD-4D90-BAAA-F9C1CADA2531}.Release|Any CPU.ActiveCfg = Release|Any CPU
		{4EB9B36E-ECAD-4D90-BAAA-F9C1CADA2531}.Release|Any CPU.Build.0 = Release|Any CPU
		{4EB9B36E-ECAD-4D90-BAAA-F9C1CADA2531}.Release|x64.ActiveCfg = Release|Any CPU
		{4EB9B36E-ECAD-4D90-BAAA-F9C1CADA2531}.Release|x64.Build.0 = Release|Any CPU
		{4EB9B36E-ECAD-4D90-BAAA-F9C1CADA2531}.Release|x86.ActiveCfg = Release|Any CPU
		{4EB9B36E-ECAD-4D90-BAAA-F9C1CADA2531}.Release|x86.Build.0 = Release|Any CPU
		{F98E06CD-6395-43BA-B309-06EA69BDAEFB}.Debug|Any CPU.ActiveCfg = Debug|Any CPU
		{F98E06CD-6395-43BA-B309-06EA69BDAEFB}.Debug|Any CPU.Build.0 = Debug|Any CPU
		{F98E06CD-6395-43BA-B309-06EA69BDAEFB}.Debug|x64.ActiveCfg = Debug|Any CPU
		{F98E06CD-6395-43BA-B309-06EA69BDAEFB}.Debug|x64.Build.0 = Debug|Any CPU
		{F98E06CD-6395-43BA-B309-06EA69BDAEFB}.Debug|x86.ActiveCfg = Debug|Any CPU
		{F98E06CD-6395-43BA-B309-06EA69BDAEFB}.Debug|x86.Build.0 = Debug|Any CPU
		{F98E06CD-6395-43BA-B309-06EA69BDAEFB}.Release|Any CPU.ActiveCfg = Release|Any CPU
		{F98E06CD-6395-43BA-B309-06EA69BDAEFB}.Release|Any CPU.Build.0 = Release|Any CPU
		{F98E06CD-6395-43BA-B309-06EA69BDAEFB}.Release|x64.ActiveCfg = Release|Any CPU
		{F98E06CD-6395-43BA-B309-06EA69BDAEFB}.Release|x64.Build.0 = Release|Any CPU
		{F98E06CD-6395-43BA-B309-06EA69BDAEFB}.Release|x86.ActiveCfg = Release|Any CPU
		{F98E06CD-6395-43BA-B309-06EA69BDAEFB}.Release|x86.Build.0 = Release|Any CPU
	EndGlobalSection
	GlobalSection(SolutionProperties) = preSolution
		HideSolutionNode = FALSE
	EndGlobalSection
	GlobalSection(NestedProjects) = preSolution
		{4EB9B36E-ECAD-4D90-BAAA-F9C1CADA2531} = {4888EE00-C005-4711-8BB1-2B0075090DE7}
		{F98E06CD-6395-43BA-B309-06EA69BDAEFB} = {4888EE00-C005-4711-8BB1-2B0075090DE7}
	EndGlobalSection
	GlobalSection(ExtensibilityGlobals) = postSolution
		SolutionGuid = {791B21E7-36CF-4F2F-B4FB-85C42282B29E}
	EndGlobalSection
EndGlobal
