
Microsoft Visual Studio Solution File, Format Version 12.00
# Visual Studio Version 16
VisualStudioVersion = 16.0.30114.105
MinimumVisualStudioVersion = 10.0.40219.1
Project("{FAE04EC0-301F-11D3-BF4B-00C04F79EFBC}") = "R5T.D0031", "R5T.D0031\R5T.D0031.csproj", "{E9161A73-C8C0-489D-9999-8A707D459DE8}"
EndProject
Project("{FAE04EC0-301F-11D3-BF4B-00C04F79EFBC}") = "R5T.D0031.Base", "R5T.D0031.Base\R5T.D0031.Base.csproj", "{EA5D2022-283E-4964-887C-D29CB058FA62}"
EndProject
Project("{FAE04EC0-301F-11D3-BF4B-00C04F79EFBC}") = "R5T.D0031.Construction", "R5T.D0031.Construction\R5T.D0031.Construction.csproj", "{150C5538-621E-44FA-A570-BA8406303025}"
EndProject
Project("{FAE04EC0-301F-11D3-BF4B-00C04F79EFBC}") = "R5T.D0031.Default", "R5T.D0031.Default\R5T.D0031.Default.csproj", "{883134C9-7DE3-4A39-BA10-262009A0AC76}"
EndProject
Global
	GlobalSection(SolutionConfigurationPlatforms) = preSolution
		Debug|Any CPU = Debug|Any CPU
		Debug|x64 = Debug|x64
		Debug|x86 = Debug|x86
		Release|Any CPU = Release|Any CPU
		Release|x64 = Release|x64
		Release|x86 = Release|x86
	EndGlobalSection
	GlobalSection(SolutionProperties) = preSolution
		HideSolutionNode = FALSE
	EndGlobalSection
	GlobalSection(ProjectConfigurationPlatforms) = postSolution
		{E9161A73-C8C0-489D-9999-8A707D459DE8}.Debug|Any CPU.ActiveCfg = Debug|Any CPU
		{E9161A73-C8C0-489D-9999-8A707D459DE8}.Debug|Any CPU.Build.0 = Debug|Any CPU
		{E9161A73-C8C0-489D-9999-8A707D459DE8}.Debug|x64.ActiveCfg = Debug|Any CPU
		{E9161A73-C8C0-489D-9999-8A707D459DE8}.Debug|x64.Build.0 = Debug|Any CPU
		{E9161A73-C8C0-489D-9999-8A707D459DE8}.Debug|x86.ActiveCfg = Debug|Any CPU
		{E9161A73-C8C0-489D-9999-8A707D459DE8}.Debug|x86.Build.0 = Debug|Any CPU
		{E9161A73-C8C0-489D-9999-8A707D459DE8}.Release|Any CPU.ActiveCfg = Release|Any CPU
		{E9161A73-C8C0-489D-9999-8A707D459DE8}.Release|Any CPU.Build.0 = Release|Any CPU
		{E9161A73-C8C0-489D-9999-8A707D459DE8}.Release|x64.ActiveCfg = Release|Any CPU
		{E9161A73-C8C0-489D-9999-8A707D459DE8}.Release|x64.Build.0 = Release|Any CPU
		{E9161A73-C8C0-489D-9999-8A707D459DE8}.Release|x86.ActiveCfg = Release|Any CPU
		{E9161A73-C8C0-489D-9999-8A707D459DE8}.Release|x86.Build.0 = Release|Any CPU
		{EA5D2022-283E-4964-887C-D29CB058FA62}.Debug|Any CPU.ActiveCfg = Debug|Any CPU
		{EA5D2022-283E-4964-887C-D29CB058FA62}.Debug|Any CPU.Build.0 = Debug|Any CPU
		{EA5D2022-283E-4964-887C-D29CB058FA62}.Debug|x64.ActiveCfg = Debug|Any CPU
		{EA5D2022-283E-4964-887C-D29CB058FA62}.Debug|x64.Build.0 = Debug|Any CPU
		{EA5D2022-283E-4964-887C-D29CB058FA62}.Debug|x86.ActiveCfg = Debug|Any CPU
		{EA5D2022-283E-4964-887C-D29CB058FA62}.Debug|x86.Build.0 = Debug|Any CPU
		{EA5D2022-283E-4964-887C-D29CB058FA62}.Release|Any CPU.ActiveCfg = Release|Any CPU
		{EA5D2022-283E-4964-887C-D29CB058FA62}.Release|Any CPU.Build.0 = Release|Any CPU
		{EA5D2022-283E-4964-887C-D29CB058FA62}.Release|x64.ActiveCfg = Release|Any CPU
		{EA5D2022-283E-4964-887C-D29CB058FA62}.Release|x64.Build.0 = Release|Any CPU
		{EA5D2022-283E-4964-887C-D29CB058FA62}.Release|x86.ActiveCfg = Release|Any CPU
		{EA5D2022-283E-4964-887C-D29CB058FA62}.Release|x86.Build.0 = Release|Any CPU
		{150C5538-621E-44FA-A570-BA8406303025}.Debug|Any CPU.ActiveCfg = Debug|Any CPU
		{150C5538-621E-44FA-A570-BA8406303025}.Debug|Any CPU.Build.0 = Debug|Any CPU
		{150C5538-621E-44FA-A570-BA8406303025}.Debug|x64.ActiveCfg = Debug|Any CPU
		{150C5538-621E-44FA-A570-BA8406303025}.Debug|x64.Build.0 = Debug|Any CPU
		{150C5538-621E-44FA-A570-BA8406303025}.Debug|x86.ActiveCfg = Debug|Any CPU
		{150C5538-621E-44FA-A570-BA8406303025}.Debug|x86.Build.0 = Debug|Any CPU
		{150C5538-621E-44FA-A570-BA8406303025}.Release|Any CPU.ActiveCfg = Release|Any CPU
		{150C5538-621E-44FA-A570-BA8406303025}.Release|Any CPU.Build.0 = Release|Any CPU
		{150C5538-621E-44FA-A570-BA8406303025}.Release|x64.ActiveCfg = Release|Any CPU
		{150C5538-621E-44FA-A570-BA8406303025}.Release|x64.Build.0 = Release|Any CPU
		{150C5538-621E-44FA-A570-BA8406303025}.Release|x86.ActiveCfg = Release|Any CPU
		{150C5538-621E-44FA-A570-BA8406303025}.Release|x86.Build.0 = Release|Any CPU
		{883134C9-7DE3-4A39-BA10-262009A0AC76}.Debug|Any CPU.ActiveCfg = Debug|Any CPU
		{883134C9-7DE3-4A39-BA10-262009A0AC76}.Debug|Any CPU.Build.0 = Debug|Any CPU
		{883134C9-7DE3-4A39-BA10-262009A0AC76}.Debug|x64.ActiveCfg = Debug|Any CPU
		{883134C9-7DE3-4A39-BA10-262009A0AC76}.Debug|x64.Build.0 = Debug|Any CPU
		{883134C9-7DE3-4A39-BA10-262009A0AC76}.Debug|x86.ActiveCfg = Debug|Any CPU
		{883134C9-7DE3-4A39-BA10-262009A0AC76}.Debug|x86.Build.0 = Debug|Any CPU
		{883134C9-7DE3-4A39-BA10-262009A0AC76}.Release|Any CPU.ActiveCfg = Release|Any CPU
		{883134C9-7DE3-4A39-BA10-262009A0AC76}.Release|Any CPU.Build.0 = Release|Any CPU
		{883134C9-7DE3-4A39-BA10-262009A0AC76}.Release|x64.ActiveCfg = Release|Any CPU
		{883134C9-7DE3-4A39-BA10-262009A0AC76}.Release|x64.Build.0 = Release|Any CPU
		{883134C9-7DE3-4A39-BA10-262009A0AC76}.Release|x86.ActiveCfg = Release|Any CPU
		{883134C9-7DE3-4A39-BA10-262009A0AC76}.Release|x86.Build.0 = Release|Any CPU
	EndGlobalSection
EndGlobal
